
Microsoft Visual Studio Solution File, Format Version 12.00
# Visual Studio Version 17
VisualStudioVersion = 17.6.33723.286
MinimumVisualStudioVersion = 10.0.40219.1
Project("{FAE04EC0-301F-11D3-BF4B-00C04F79EFBC}") = "Badetidssystemet2", "Badetidssystemet2\Badetidssystemet2.csproj", "{FE9192B3-AAE1-42B1-AA9A-166AED4F4EBE}"
EndProject
Global
	GlobalSection(SolutionConfigurationPlatforms) = preSolution
		Debug|Any CPU = Debug|Any CPU
		Release|Any CPU = Release|Any CPU
	EndGlobalSection
	GlobalSection(ProjectConfigurationPlatforms) = postSolution
		{FE9192B3-AAE1-42B1-AA9A-166AED4F4EBE}.Debug|Any CPU.ActiveCfg = Debug|Any CPU
		{FE9192B3-AAE1-42B1-AA9A-166AED4F4EBE}.Debug|Any CPU.Build.0 = Debug|Any CPU
		{FE9192B3-AAE1-42B1-AA9A-166AED4F4EBE}.Release|Any CPU.ActiveCfg = Release|Any CPU
		{FE9192B3-AAE1-42B1-AA9A-166AED4F4EBE}.Release|Any CPU.Build.0 = Release|Any CPU
	EndGlobalSection
	GlobalSection(SolutionProperties) = preSolution
		HideSolutionNode = FALSE
	EndGlobalSection
	GlobalSection(ExtensibilityGlobals) = postSolution
		SolutionGuid = {3092E164-BB38-4AA9-B35D-3435F70D4872}
	EndGlobalSection
EndGlobal
